Microsoft Visual Studio Solution File, Format Version 11.00
# Visual Studio 2008

Project("{3EADDDB5-D0D4-ADAA-7653-2C52EE7683AC}") = "GameJam2017-master", "Assembly-CSharp.csproj", "{2FF9D80A-850C-C5E2-4EF5-C0B105415BD5}"
EndProject
Global
	GlobalSection(SolutionConfigurationPlatforms) = preSolution
		Debug|Any CPU = Debug|Any CPU
		Release|Any CPU = Release|Any CPU
	EndGlobalSection
	GlobalSection(ProjectConfigurationPlatforms) = postSolution
		{2FF9D80A-850C-C5E2-4EF5-C0B105415BD5}.Debug|Any CPU.ActiveCfg = Debug|Any CPU
		{2FF9D80A-850C-C5E2-4EF5-C0B105415BD5}.Debug|Any CPU.Build.0 = Debug|Any CPU
		{2FF9D80A-850C-C5E2-4EF5-C0B105415BD5}.Release|Any CPU.ActiveCfg = Release|Any CPU
		{2FF9D80A-850C-C5E2-4EF5-C0B105415BD5}.Release|Any CPU.Build.0 = Release|Any CPU
	EndGlobalSection
	GlobalSection(SolutionProperties) = preSolution
		HideSolutionNode = FALSE
	EndGlobalSection
	GlobalSection(MonoDevelopProperties) = preSolution
		StartupItem = Assembly-CSharp.csproj
	EndGlobalSection
EndGlobal
